# This file is automatically @generated by Cargo.
# It is not intended for manual editing.
version = 4

[[package]]
name = "c01-wc-clone"
version = "0.1.0"

[[package]]
name = "c02-grep-clone"
version = "0.1.0"

[[package]]
name = "c03-password-generator"
version = "0.1.0"

[[package]]
name = "c04-rpn-calculator"
version = "0.1.0"

[[package]]
name = "c05-chat-tcp"
version = "0.1.0"

[[package]]
name = "c06-http-server"
version = "0.1.0"

[[package]]
name = "c07-web-scrapper"
version = "0.1.0"

[[package]]
name = "c08-file-watcher"
version = "0.1.0"

[[package]]
name = "c09-csv-tool"
version = "0.1.0"

[[package]]
name = "c10-md2html"
version = "0.1.0"

[[package]]
name = "c11-image-processor"
version = "0.1.0"

[[package]]
name = "c12-kv-store"
version = "0.1.0"

[[package]]
name = "c13-task-runner"
version = "0.1.0"

[[package]]
name = "c14-chip8-emulator"
version = "0.1.0"

[[package]]
name = "c15-custom-allocator"
version = "0.1.0"
